
Microsoft Visual Studio Solution File, Format Version 12.00
# Visual Studio Version 16
VisualStudioVersion = 16.0.30114.105
MinimumVisualStudioVersion = 10.0.40219.1
Project("{8BC9CEB8-8B4A-11D0-8D11-00A0C91BC942}") = "GLM Computer Graphics Project", "GLM Computer Graphics Project\GLM Computer Graphics Project.vcxproj", "{E100E2C8-3AC3-435C-B9EC-3C988D0F331C}"
EndProject
Global
	GlobalSection(SolutionConfigurationPlatforms) = preSolution
		Debug|x64 = Debug|x64
		Debug|x86 = Debug|x86
		Release|x64 = Release|x64
		Release|x86 = Release|x86
	EndGlobalSection
	GlobalSection(ProjectConfigurationPlatforms) = postSolution
		{E100E2C8-3AC3-435C-B9EC-3C988D0F331C}.Debug|x64.ActiveCfg = Debug|x64
		{E100E2C8-3AC3-435C-B9EC-3C988D0F331C}.Debug|x64.Build.0 = Debug|x64
		{E100E2C8-3AC3-435C-B9EC-3C988D0F331C}.Debug|x86.ActiveCfg = Debug|Win32
		{E100E2C8-3AC3-435C-B9EC-3C988D0F331C}.Debug|x86.Build.0 = Debug|Win32
		{E100E2C8-3AC3-435C-B9EC-3C988D0F331C}.Release|x64.ActiveCfg = Release|x64
		{E100E2C8-3AC3-435C-B9EC-3C988D0F331C}.Release|x64.Build.0 = Release|x64
		{E100E2C8-3AC3-435C-B9EC-3C988D0F331C}.Release|x86.ActiveCfg = Release|Win32
		{E100E2C8-3AC3-435C-B9EC-3C988D0F331C}.Release|x86.Build.0 = Release|Win32
	EndGlobalSection
	GlobalSection(SolutionProperties) = preSolution
		HideSolutionNode = FALSE
	EndGlobalSection
	GlobalSection(ExtensibilityGlobals) = postSolution
		SolutionGuid = {EFDE4A5B-E467-4BF3-B734-2D99A51F4CCD}
	EndGlobalSection
EndGlobal
